
Microsoft Visual Studio Solution File, Format Version 12.00
# Visual Studio Version 17
VisualStudioVersion = 17.10.35122.118
MinimumVisualStudioVersion = 10.0.40219.1
Project("{FAE04EC0-301F-11D3-BF4B-00C04F79EFBC}") = "Movie", "Movie\Movie.csproj", "{0FCA3666-A81D-49D4-B88D-79047CCBE407}"
EndProject
Global
	GlobalSection(SolutionConfigurationPlatforms) = preSolution
		Debug|Any CPU = Debug|Any CPU
		Release|Any CPU = Release|Any CPU
	EndGlobalSection
	GlobalSection(ProjectConfigurationPlatforms) = postSolution
		{0FCA3666-A81D-49D4-B88D-79047CCBE407}.Debug|Any CPU.ActiveCfg = Debug|Any CPU
		{0FCA3666-A81D-49D4-B88D-79047CCBE407}.Debug|Any CPU.Build.0 = Debug|Any CPU
		{0FCA3666-A81D-49D4-B88D-79047CCBE407}.Release|Any CPU.ActiveCfg = Release|Any CPU
		{0FCA3666-A81D-49D4-B88D-79047CCBE407}.Release|Any CPU.Build.0 = Release|Any CPU
	EndGlobalSection
	GlobalSection(SolutionProperties) = preSolution
		HideSolutionNode = FALSE
	EndGlobalSection
	GlobalSection(ExtensibilityGlobals) = postSolution
		SolutionGuid = {516E0D7D-3D61-47CA-867F-E65F640238CC}
	EndGlobalSection
EndGlobal
